
Microsoft Visual Studio Solution File, Format Version 12.00
# Visual Studio 2012
Project("{FAE04EC0-301F-11D3-BF4B-00C04F79EFBC}") = "AppSettingsDummy", "AppSettingsDummy\AppSettingsDummy.csproj", "{6F2DA972-940C-4A49-BAC1-2269EFF43210}"
EndProject
Project("{FAE04EC0-301F-11D3-BF4B-00C04F79EFBC}") = "AppSettingsDummyTests", "AppSettingsDummy\AppSettingsDummyTests\AppSettingsDummyTests.csproj", "{43001431-DEF4-4296-B031-18F154FEAB3A}"
EndProject
Global
	GlobalSection(SolutionConfigurationPlatforms) = preSolution
		Debug|Any CPU = Debug|Any CPU
		Release|Any CPU = Release|Any CPU
	EndGlobalSection
	GlobalSection(ProjectConfigurationPlatforms) = postSolution
		{6F2DA972-940C-4A49-BAC1-2269EFF43210}.Debug|Any CPU.ActiveCfg = Debug|Any CPU
		{6F2DA972-940C-4A49-BAC1-2269EFF43210}.Debug|Any CPU.Build.0 = Debug|Any CPU
		{6F2DA972-940C-4A49-BAC1-2269EFF43210}.Release|Any CPU.ActiveCfg = Release|Any CPU
		{6F2DA972-940C-4A49-BAC1-2269EFF43210}.Release|Any CPU.Build.0 = Release|Any CPU
		{43001431-DEF4-4296-B031-18F154FEAB3A}.Debug|Any CPU.ActiveCfg = Debug|Any CPU
		{43001431-DEF4-4296-B031-18F154FEAB3A}.Debug|Any CPU.Build.0 = Debug|Any CPU
		{43001431-DEF4-4296-B031-18F154FEAB3A}.Release|Any CPU.ActiveCfg = Release|Any CPU
		{43001431-DEF4-4296-B031-18F154FEAB3A}.Release|Any CPU.Build.0 = Release|Any CPU
	EndGlobalSection
	GlobalSection(SolutionProperties) = preSolution
		HideSolutionNode = FALSE
	EndGlobalSection
EndGlobal
